
Microsoft Visual Studio Solution File, Format Version 12.00
# Visual Studio Version 17
VisualStudioVersion = 17.0.31903.59
MinimumVisualStudioVersion = 10.0.40219.1
Project("{FAE04EC0-301F-11D3-BF4B-00C04F79EFBC}") = "workshop.wwwapi", "workshop.wwwapi\workshop.wwwapi.csproj", "{BF343D93-1DEF-4008-A624-3F8FEC18A0CA}"
EndProject
Project("{FAE04EC0-301F-11D3-BF4B-00C04F79EFBC}") = "workshop.wwwapp", "workshop.wwwapp\workshop.wwwapp.csproj", "{880626C2-B1ED-48D7-B645-339283259EFC}"
EndProject
Global
	GlobalSection(SolutionConfigurationPlatforms) = preSolution
		Debug|Any CPU = Debug|Any CPU
		Release|Any CPU = Release|Any CPU
	EndGlobalSection
	GlobalSection(SolutionProperties) = preSolution
		HideSolutionNode = FALSE
	EndGlobalSection
	GlobalSection(ProjectConfigurationPlatforms) = postSolution
		{BF343D93-1DEF-4008-A624-3F8FEC18A0CA}.Debug|Any CPU.ActiveCfg = Debug|Any CPU
		{BF343D93-1DEF-4008-A624-3F8FEC18A0CA}.Debug|Any CPU.Build.0 = Debug|Any CPU
		{BF343D93-1DEF-4008-A624-3F8FEC18A0CA}.Release|Any CPU.ActiveCfg = Release|Any CPU
		{BF343D93-1DEF-4008-A624-3F8FEC18A0CA}.Release|Any CPU.Build.0 = Release|Any CPU
		{880626C2-B1ED-48D7-B645-339283259EFC}.Debug|Any CPU.ActiveCfg = Debug|Any CPU
		{880626C2-B1ED-48D7-B645-339283259EFC}.Debug|Any CPU.Build.0 = Debug|Any CPU
		{880626C2-B1ED-48D7-B645-339283259EFC}.Release|Any CPU.ActiveCfg = Release|Any CPU
		{880626C2-B1ED-48D7-B645-339283259EFC}.Release|Any CPU.Build.0 = Release|Any CPU
	EndGlobalSection
EndGlobal
